
Microsoft Visual Studio Solution File, Format Version 12.00
# Visual Studio 15
VisualStudioVersion = 15.0.28307.106
MinimumVisualStudioVersion = 10.0.40219.1
Project("{FAE04EC0-301F-11D3-BF4B-00C04F79EFBC}") = "Principal", "Principal\Principal.csproj", "{8A8859E7-6CB8-4EFD-8138-CFFD28FCFB66}"
EndProject
Project("{FAE04EC0-301F-11D3-BF4B-00C04F79EFBC}") = "Validacion", "Validacion\Validacion.csproj", "{C4D350A9-E2E9-4F37-B3BA-BC24611B6CE3}"
EndProject
Global
	GlobalSection(SolutionConfigurationPlatforms) = preSolution
		Debug|Any CPU = Debug|Any CPU
		Release|Any CPU = Release|Any CPU
	EndGlobalSection
	GlobalSection(ProjectConfigurationPlatforms) = postSolution
		{8A8859E7-6CB8-4EFD-8138-CFFD28FCFB66}.Debug|Any CPU.ActiveCfg = Debug|Any CPU
		{8A8859E7-6CB8-4EFD-8138-CFFD28FCFB66}.Debug|Any CPU.Build.0 = Debug|Any CPU
		{8A8859E7-6CB8-4EFD-8138-CFFD28FCFB66}.Release|Any CPU.ActiveCfg = Release|Any CPU
		{8A8859E7-6CB8-4EFD-8138-CFFD28FCFB66}.Release|Any CPU.Build.0 = Release|Any CPU
		{C4D350A9-E2E9-4F37-B3BA-BC24611B6CE3}.Debug|Any CPU.ActiveCfg = Debug|Any CPU
		{C4D350A9-E2E9-4F37-B3BA-BC24611B6CE3}.Debug|Any CPU.Build.0 = Debug|Any CPU
		{C4D350A9-E2E9-4F37-B3BA-BC24611B6CE3}.Release|Any CPU.ActiveCfg = Release|Any CPU
		{C4D350A9-E2E9-4F37-B3BA-BC24611B6CE3}.Release|Any CPU.Build.0 = Release|Any CPU
	EndGlobalSection
	GlobalSection(SolutionProperties) = preSolution
		HideSolutionNode = FALSE
	EndGlobalSection
	GlobalSection(ExtensibilityGlobals) = postSolution
		SolutionGuid = {4D33A7A7-3461-4316-A46A-C2DD37D454D1}
	EndGlobalSection
EndGlobal
